// !$*UTF8*$!
{
	archiveVersion = 1;
	classes = {
	};
	objectVersion = 48;
	objects = {

/* Begin PBXBuildFile section */
		0E1B1FD21F7FEE2100C263F5 /* Session+Extension.swift in Sources */ = {isa = PBXBuildFile; fileRef = 0E1B1FD11F7FEE2100C263F5 /* Session+Extension.swift */; };
		0E1B1FDA1F7FF00A00C263F5 /* APIManager.swift in Sources */ = {isa = PBXBuildFile; fileRef = 0E1B1FD91F7FF00A00C263F5 /* APIManager.swift */; };
		0E1B1FDC1F7FF03500C263F5 /* GatecoinRequest.swift in Sources */ = {isa = PBXBuildFile; fileRef = 0E1B1FDB1F7FF03500C263F5 /* GatecoinRequest.swift */; };
		0E1B1FDE1F7FF0C000C263F5 /* GatecoinTicker.swift in Sources */ = {isa = PBXBuildFile; fileRef = 0E1B1FDD1F7FF0C000C263F5 /* GatecoinTicker.swift */; };
		0E1B1FE21F7FF1A000C263F5 /* GetGatecoinTickerRequest.swift in Sources */ = {isa = PBXBuildFile; fileRef = 0E1B1FE11F7FF1A000C263F5 /* GetGatecoinTickerRequest.swift */; };
		0E1B1FE51F7FF2F800C263F5 /* TickerType.swift in Sources */ = {isa = PBXBuildFile; fileRef = 0E1B1FE41F7FF2F800C263F5 /* TickerType.swift */; };
		0E22ACDA1F811D5600060A14 /* BitfinexTicker.swift in Sources */ = {isa = PBXBuildFile; fileRef = 0E22ACD91F811D5600060A14 /* BitfinexTicker.swift */; };
		0E22ACDD1F811FBD00060A14 /* BitfinexRequest.swift in Sources */ = {isa = PBXBuildFile; fileRef = 0E22ACDC1F811FBD00060A14 /* BitfinexRequest.swift */; };
		0E22ACDF1F811FCF00060A14 /* GetBitfinexTickerRequest.swift in Sources */ = {isa = PBXBuildFile; fileRef = 0E22ACDE1F811FCF00060A14 /* GetBitfinexTickerRequest.swift */; };
		0E22ACE11F81230F00060A14 /* HimotokiTransformerUtil.swift in Sources */ = {isa = PBXBuildFile; fileRef = 0E22ACE01F81230F00060A14 /* HimotokiTransformerUtil.swift */; };
		0E3FDB101F8087B800CE8F02 /* TickerViewModel.swift in Sources */ = {isa = PBXBuildFile; fileRef = 0E3FDB0F1F8087B800CE8F02 /* TickerViewModel.swift */; };
		0E3FDB131F80C09000CE8F02 /* KrakenRequest.swift in Sources */ = {isa = PBXBuildFile; fileRef = 0E3FDB121F80C09000CE8F02 /* KrakenRequest.swift */; };
		0E3FDB151F80C09F00CE8F02 /* GetKrakenTickerRequest.swift in Sources */ = {isa = PBXBuildFile; fileRef = 0E3FDB141F80C09F00CE8F02 /* GetKrakenTickerRequest.swift */; };
		0E3FDB171F80C19600CE8F02 /* KrakenTicker.swift in Sources */ = {isa = PBXBuildFile; fileRef = 0E3FDB161F80C19600CE8F02 /* KrakenTicker.swift */; };
		0E75E2261F7F906800E1467E /* AppDelegate.swift in Sources */ = {isa = PBXBuildFile; fileRef = 0E75E2251F7F906800E1467E /* AppDelegate.swift */; };
		0E75E2281F7F906800E1467E /* ViewController.swift in Sources */ = {isa = PBXBuildFile; fileRef = 0E75E2271F7F906800E1467E /* ViewController.swift */; };
		0E75E22B1F7F906800E1467E /* Main.storyboard in Resources */ = {isa = PBXBuildFile; fileRef = 0E75E2291F7F906800E1467E /* Main.storyboard */; };
		0E75E22D1F7F906800E1467E /* Assets.xcassets in Resources */ = {isa = PBXBuildFile; fileRef = 0E75E22C1F7F906800E1467E /* Assets.xcassets */; };
		0E75E2301F7F906800E1467E /* LaunchScreen.storyboard in Resources */ = {isa = PBXBuildFile; fileRef = 0E75E22E1F7F906800E1467E /* LaunchScreen.storyboard */; };
		0E75E23B1F7F906800E1467E /* CryptoArbitrageTests.swift in Sources */ = {isa = PBXBuildFile; fileRef = 0E75E23A1F7F906800E1467E /* CryptoArbitrageTests.swift */; };
		0E75E2481F7F942900E1467E /* NotificationUtil.swift in Sources */ = {isa = PBXBuildFile; fileRef = 0E75E2471F7F942900E1467E /* NotificationUtil.swift */; };
		58327646C1BC266C490F14B1 /* Pods_CryptoArbitrageTests.framework in Frameworks */ = {isa = PBXBuildFile; fileRef = 470F36B85A6F7E640BD4F8EA /* Pods_CryptoArbitrageTests.framework */; };
		6FB275793B3B6CEF0BEB6210 /* Pods_CryptoArbitrage.framework in Frameworks */ = {isa = PBXBuildFile; fileRef = 86F796B1666BA4AE897E164A /* Pods_CryptoArbitrage.framework */; };
/* End PBXBuildFile section */

/* Begin PBXContainerItemProxy section */
		0E75E2371F7F906800E1467E /* PBXContainerItemProxy */ = {
			isa = PBXContainerItemProxy;
			containerPortal = 0E75E21A1F7F906800E1467E /* Project object */;
			proxyType = 1;
			remoteGlobalIDString = 0E75E2211F7F906800E1467E;
			remoteInfo = CryptoArbitrage;
		};
/* End PBXContainerItemProxy section */

/* Begin PBXFileReference section */
		0007161D4274B0A726DADC1C /* Pods-CryptoArbitrage.debug.xcconfig */ = {isa = PBXFileReference; includeInIndex = 1; lastKnownFileType = text.xcconfig; name = "Pods-CryptoArbitrage.debug.xcconfig"; path = "Pods/Target Support Files/Pods-CryptoArbitrage/Pods-CryptoArbitrage.debug.xcconfig"; sourceTree = "<group>"; };
		0E1B1FD11F7FEE2100C263F5 /* Session+Extension.swift */ = {isa = PBXFileReference; lastKnownFileType = sourcecode.swift; path = "Session+Extension.swift"; sourceTree = "<group>"; };
		0E1B1FD31F7FEE9800C263F5 /* Bridging-Header.h */ = {isa = PBXFileReference; lastKnownFileType = sourcecode.c.h; path = "Bridging-Header.h"; sourceTree = "<group>"; };
		0E1B1FD91F7FF00A00C263F5 /* APIManager.swift */ = {isa = PBXFileReference; lastKnownFileType = sourcecode.swift; path = APIManager.swift; sourceTree = "<group>"; };
		0E1B1FDB1F7FF03500C263F5 /* GatecoinRequest.swift */ = {isa = PBXFileReference; lastKnownFileType = sourcecode.swift; path = GatecoinRequest.swift; sourceTree = "<group>"; };
		0E1B1FDD1F7FF0C000C263F5 /* GatecoinTicker.swift */ = {isa = PBXFileReference; lastKnownFileType = sourcecode.swift; path = GatecoinTicker.swift; sourceTree = "<group>"; };
		0E1B1FE11F7FF1A000C263F5 /* GetGatecoinTickerRequest.swift */ = {isa = PBXFileReference; lastKnownFileType = sourcecode.swift; path = GetGatecoinTickerRequest.swift; sourceTree = "<group>"; };
		0E1B1FE41F7FF2F800C263F5 /* TickerType.swift */ = {isa = PBXFileReference; lastKnownFileType = sourcecode.swift; path = TickerType.swift; sourceTree = "<group>"; };
		0E22ACD91F811D5600060A14 /* BitfinexTicker.swift */ = {isa = PBXFileReference; lastKnownFileType = sourcecode.swift; path = BitfinexTicker.swift; sourceTree = "<group>"; };
		0E22ACDC1F811FBD00060A14 /* BitfinexRequest.swift */ = {isa = PBXFileReference; lastKnownFileType = sourcecode.swift; path = BitfinexRequest.swift; sourceTree = "<group>"; };
		0E22ACDE1F811FCF00060A14 /* GetBitfinexTickerRequest.swift */ = {isa = PBXFileReference; lastKnownFileType = sourcecode.swift; path = GetBitfinexTickerRequest.swift; sourceTree = "<group>"; };
		0E22ACE01F81230F00060A14 /* HimotokiTransformerUtil.swift */ = {isa = PBXFileReference; lastKnownFileType = sourcecode.swift; path = HimotokiTransformerUtil.swift; sourceTree = "<group>"; };
		0E3FDB0F1F8087B800CE8F02 /* TickerViewModel.swift */ = {isa = PBXFileReference; lastKnownFileType = sourcecode.swift; name = TickerViewModel.swift; path = CryptoArbitrage/ViewModels/TickerViewModel.swift; sourceTree = SOURCE_ROOT; };
		0E3FDB121F80C09000CE8F02 /* KrakenRequest.swift */ = {isa = PBXFileReference; lastKnownFileType = sourcecode.swift; path = KrakenRequest.swift; sourceTree = "<group>"; };
		0E3FDB141F80C09F00CE8F02 /* GetKrakenTickerRequest.swift */ = {isa = PBXFileReference; lastKnownFileType = sourcecode.swift; path = GetKrakenTickerRequest.swift; sourceTree = "<group>"; };
		0E3FDB161F80C19600CE8F02 /* KrakenTicker.swift */ = {isa = PBXFileReference; lastKnownFileType = sourcecode.swift; path = KrakenTicker.swift; sourceTree = "<group>"; };
		0E75E2221F7F906800E1467E /* CryptoArbitrage.app */ = {isa = PBXFileReference; explicitFileType = wrapper.application; includeInIndex = 0; path = CryptoArbitrage.app; sourceTree = BUILT_PRODUCTS_DIR; };
		0E75E2251F7F906800E1467E /* AppDelegate.swift */ = {isa = PBXFileReference; lastKnownFileType = sourcecode.swift; path = AppDelegate.swift; sourceTree = "<group>"; };
		0E75E2271F7F906800E1467E /* ViewController.swift */ = {isa = PBXFileReference; lastKnownFileType = sourcecode.swift; path = ViewController.swift; sourceTree = "<group>"; };
		0E75E22A1F7F906800E1467E /* Base */ = {isa = PBXFileReference; lastKnownFileType = file.storyboard; name = Base; path = Base.lproj/Main.storyboard; sourceTree = "<group>"; };
		0E75E22C1F7F906800E1467E /* Assets.xcassets */ = {isa = PBXFileReference; lastKnownFileType = folder.assetcatalog; path = Assets.xcassets; sourceTree = "<group>"; };
		0E75E22F1F7F906800E1467E /* Base */ = {isa = PBXFileReference; lastKnownFileType = file.storyboard; name = Base; path = Base.lproj/LaunchScreen.storyboard; sourceTree = "<group>"; };
		0E75E2311F7F906800E1467E /* Info.plist */ = {isa = PBXFileReference; lastKnownFileType = text.plist.xml; path = Info.plist; sourceTree = "<group>"; };
		0E75E2361F7F906800E1467E /* CryptoArbitrageTests.xctest */ = {isa = PBXFileReference; explicitFileType = wrapper.cfbundle; includeInIndex = 0; path = CryptoArbitrageTests.xctest; sourceTree = BUILT_PRODUCTS_DIR; };
		0E75E23A1F7F906800E1467E /* CryptoArbitrageTests.swift */ = {isa = PBXFileReference; lastKnownFileType = sourcecode.swift; path = CryptoArbitrageTests.swift; sourceTree = "<group>"; };
		0E75E23C1F7F906800E1467E /* Info.plist */ = {isa = PBXFileReference; lastKnownFileType = text.plist.xml; path = Info.plist; sourceTree = "<group>"; };
		0E75E2451F7F90BB00E1467E /* CryptoArbitrage.entitlements */ = {isa = PBXFileReference; lastKnownFileType = text.plist.entitlements; path = CryptoArbitrage.entitlements; sourceTree = "<group>"; };
		0E75E2471F7F942900E1467E /* NotificationUtil.swift */ = {isa = PBXFileReference; lastKnownFileType = sourcecode.swift; path = NotificationUtil.swift; sourceTree = "<group>"; };
		176340FFA6F1E5EDB8610FBA /* Pods-CryptoArbitrageTests.debug.xcconfig */ = {isa = PBXFileReference; includeInIndex = 1; lastKnownFileType = text.xcconfig; name = "Pods-CryptoArbitrageTests.debug.xcconfig"; path = "Pods/Target Support Files/Pods-CryptoArbitrageTests/Pods-CryptoArbitrageTests.debug.xcconfig"; sourceTree = "<group>"; };
		470F36B85A6F7E640BD4F8EA /* Pods_CryptoArbitrageTests.framework */ = {isa = PBXFileReference; explicitFileType = wrapper.framework; includeInIndex = 0; path = Pods_CryptoArbitrageTests.framework; sourceTree = BUILT_PRODUCTS_DIR; };
		69C6725BA3E2F6080F5E6A80 /* Pods-CryptoArbitrageTests.release.xcconfig */ = {isa = PBXFileReference; includeInIndex = 1; lastKnownFileType = text.xcconfig; name = "Pods-CryptoArbitrageTests.release.xcconfig"; path = "Pods/Target Support Files/Pods-CryptoArbitrageTests/Pods-CryptoArbitrageTests.release.xcconfig"; sourceTree = "<group>"; };
		86F796B1666BA4AE897E164A /* Pods_CryptoArbitrage.framework */ = {isa = PBXFileReference; explicitFileType = wrapper.framework; includeInIndex = 0; path = Pods_CryptoArbitrage.framework; sourceTree = BUILT_PRODUCTS_DIR; };
		9E8BBBA0466B5379A2A7C1AA /* Pods-CryptoArbitrage.release.xcconfig */ = {isa = PBXFileReference; includeInIndex = 1; lastKnownFileType = text.xcconfig; name = "Pods-CryptoArbitrage.release.xcconfig"; path = "Pods/Target Support Files/Pods-CryptoArbitrage/Pods-CryptoArbitrage.release.xcconfig"; sourceTree = "<group>"; };
/* End PBXFileReference section */

/* Begin PBXFrameworksBuildPhase section */
		0E75E21F1F7F906800E1467E /* Frameworks */ = {
			isa = PBXFrameworksBuildPhase;
			buildActionMask = 2147483647;
			files = (
				6FB275793B3B6CEF0BEB6210 /* Pods_CryptoArbitrage.framework in Frameworks */,
			);
			runOnlyForDeploymentPostprocessing = 0;
		};
		0E75E2331F7F906800E1467E /* Frameworks */ = {
			isa = PBXFrameworksBuildPhase;
			buildActionMask = 2147483647;
			files = (
				58327646C1BC266C490F14B1 /* Pods_CryptoArbitrageTests.framework in Frameworks */,
			);
			runOnlyForDeploymentPostprocessing = 0;
		};
/* End PBXFrameworksBuildPhase section */

/* Begin PBXGroup section */
		0E1B1FD01F7FEE0100C263F5 /* Extensions */ = {
			isa = PBXGroup;
			children = (
				0E1B1FD11F7FEE2100C263F5 /* Session+Extension.swift */,
			);
			path = Extensions;
			sourceTree = "<group>";
		};
		0E1B1FD41F7FEFB800C263F5 /* Models */ = {
			isa = PBXGroup;
			children = (
				0E1B1FDD1F7FF0C000C263F5 /* GatecoinTicker.swift */,
				0E3FDB161F80C19600CE8F02 /* KrakenTicker.swift */,
				0E22ACD91F811D5600060A14 /* BitfinexTicker.swift */,
			);
			path = Models;
			sourceTree = "<group>";
		};
		0E1B1FD51F7FEFC600C263F5 /* ViewModels */ = {
			isa = PBXGroup;
			children = (
				0E3FDB0F1F8087B800CE8F02 /* TickerViewModel.swift */,
			);
			path = ViewModels;
			sourceTree = "<group>";
		};
		0E1B1FD61F7FEFCD00C263F5 /* Views */ = {
			isa = PBXGroup;
			children = (
			);
			path = Views;
			sourceTree = "<group>";
		};
		0E1B1FD71F7FEFE100C263F5 /* Protocols */ = {
			isa = PBXGroup;
			children = (
				0E1B1FE41F7FF2F800C263F5 /* TickerType.swift */,
			);
			path = Protocols;
			sourceTree = "<group>";
		};
		0E1B1FD81F7FEFE900C263F5 /* API */ = {
			isa = PBXGroup;
			children = (
				0E22ACDB1F811F9400060A14 /* Bitfinex */,
				0E3FDB111F80C07900CE8F02 /* Kraken */,
				0E1B1FE31F7FF1C800C263F5 /* Gatecoin */,
				0E1B1FD91F7FF00A00C263F5 /* APIManager.swift */,
			);
			path = API;
			sourceTree = "<group>";
		};
		0E1B1FE31F7FF1C800C263F5 /* Gatecoin */ = {
			isa = PBXGroup;
			children = (
				0E1B1FDB1F7FF03500C263F5 /* GatecoinRequest.swift */,
				0E1B1FE11F7FF1A000C263F5 /* GetGatecoinTickerRequest.swift */,
			);
			path = Gatecoin;
			sourceTree = "<group>";
		};
		0E22ACDB1F811F9400060A14 /* Bitfinex */ = {
			isa = PBXGroup;
			children = (
				0E22ACDC1F811FBD00060A14 /* BitfinexRequest.swift */,
				0E22ACDE1F811FCF00060A14 /* GetBitfinexTickerRequest.swift */,
			);
			path = Bitfinex;
			sourceTree = "<group>";
		};
		0E3FDB111F80C07900CE8F02 /* Kraken */ = {
			isa = PBXGroup;
			children = (
				0E3FDB121F80C09000CE8F02 /* KrakenRequest.swift */,
				0E3FDB141F80C09F00CE8F02 /* GetKrakenTickerRequest.swift */,
			);
			path = Kraken;
			sourceTree = "<group>";
		};
		0E75E2191F7F906800E1467E = {
			isa = PBXGroup;
			children = (
				0E75E2241F7F906800E1467E /* CryptoArbitrage */,
				0E75E2391F7F906800E1467E /* CryptoArbitrageTests */,
				0E75E2231F7F906800E1467E /* Products */,
				9AC32B1BF18D49F7E16A8F75 /* Pods */,
				F43748B8A7E8D19F7E7D13F0 /* Frameworks */,
			);
			sourceTree = "<group>";
		};
		0E75E2231F7F906800E1467E /* Products */ = {
			isa = PBXGroup;
			children = (
				0E75E2221F7F906800E1467E /* CryptoArbitrage.app */,
				0E75E2361F7F906800E1467E /* CryptoArbitrageTests.xctest */,
			);
			name = Products;
			sourceTree = "<group>";
		};
		0E75E2241F7F906800E1467E /* CryptoArbitrage */ = {
			isa = PBXGroup;
			children = (
				0E1B1FD81F7FEFE900C263F5 /* API */,
				0E1B1FD71F7FEFE100C263F5 /* Protocols */,
				0E1B1FD61F7FEFCD00C263F5 /* Views */,
				0E1B1FD51F7FEFC600C263F5 /* ViewModels */,
				0E1B1FD41F7FEFB800C263F5 /* Models */,
				0E1B1FD01F7FEE0100C263F5 /* Extensions */,
				0E75E2461F7F940D00E1467E /* Utils */,
				0E75E2451F7F90BB00E1467E /* CryptoArbitrage.entitlements */,
				0E75E2251F7F906800E1467E /* AppDelegate.swift */,
				0E75E2271F7F906800E1467E /* ViewController.swift */,
				0E75E2291F7F906800E1467E /* Main.storyboard */,
				0E75E22C1F7F906800E1467E /* Assets.xcassets */,
				0E75E22E1F7F906800E1467E /* LaunchScreen.storyboard */,
				0E75E2311F7F906800E1467E /* Info.plist */,
				0E1B1FD31F7FEE9800C263F5 /* Bridging-Header.h */,
			);
			path = CryptoArbitrage;
			sourceTree = "<group>";
		};
		0E75E2391F7F906800E1467E /* CryptoArbitrageTests */ = {
			isa = PBXGroup;
			children = (
				0E75E23A1F7F906800E1467E /* CryptoArbitrageTests.swift */,
				0E75E23C1F7F906800E1467E /* Info.plist */,
			);
			path = CryptoArbitrageTests;
			sourceTree = "<group>";
		};
		0E75E2461F7F940D00E1467E /* Utils */ = {
			isa = PBXGroup;
			children = (
				0E75E2471F7F942900E1467E /* NotificationUtil.swift */,
				0E22ACE01F81230F00060A14 /* HimotokiTransformerUtil.swift */,
			);
			path = Utils;
			sourceTree = "<group>";
		};
		9AC32B1BF18D49F7E16A8F75 /* Pods */ = {
			isa = PBXGroup;
			children = (
				0007161D4274B0A726DADC1C /* Pods-CryptoArbitrage.debug.xcconfig */,
				9E8BBBA0466B5379A2A7C1AA /* Pods-CryptoArbitrage.release.xcconfig */,
				176340FFA6F1E5EDB8610FBA /* Pods-CryptoArbitrageTests.debug.xcconfig */,
				69C6725BA3E2F6080F5E6A80 /* Pods-CryptoArbitrageTests.release.xcconfig */,
			);
			name = Pods;
			sourceTree = "<group>";
		};
		F43748B8A7E8D19F7E7D13F0 /* Frameworks */ = {
			isa = PBXGroup;
			children = (
				86F796B1666BA4AE897E164A /* Pods_CryptoArbitrage.framework */,
				470F36B85A6F7E640BD4F8EA /* Pods_CryptoArbitrageTests.framework */,
			);
			name = Frameworks;
			sourceTree = "<group>";
		};
/* End PBXGroup section */

/* Begin PBXNativeTarget section */
		0E75E2211F7F906800E1467E /* CryptoArbitrage */ = {
			isa = PBXNativeTarget;
			buildConfigurationList = 0E75E23F1F7F906800E1467E /* Build configuration list for PBXNativeTarget "CryptoArbitrage" */;
			buildPhases = (
				6788E8479E58D2F4B8334EC6 /* [CP] Check Pods Manifest.lock */,
				0E75E21E1F7F906800E1467E /* Sources */,
				0E75E21F1F7F906800E1467E /* Frameworks */,
				0E75E2201F7F906800E1467E /* Resources */,
				A5B288FBD2290989C0A054E4 /* [CP] Embed Pods Frameworks */,
				70DA1C3E656D01A26A8C68A3 /* [CP] Copy Pods Resources */,
			);
			buildRules = (
			);
			dependencies = (
			);
			name = CryptoArbitrage;
			productName = CryptoArbitrage;
			productReference = 0E75E2221F7F906800E1467E /* CryptoArbitrage.app */;
			productType = "com.apple.product-type.application";
		};
		0E75E2351F7F906800E1467E /* CryptoArbitrageTests */ = {
			isa = PBXNativeTarget;
			buildConfigurationList = 0E75E2421F7F906800E1467E /* Build configuration list for PBXNativeTarget "CryptoArbitrageTests" */;
			buildPhases = (
				D6776413780C697E0B3D0A03 /* [CP] Check Pods Manifest.lock */,
				0E75E2321F7F906800E1467E /* Sources */,
				0E75E2331F7F906800E1467E /* Frameworks */,
				0E75E2341F7F906800E1467E /* Resources */,
				42055CC0FE58FEE427483515 /* [CP] Embed Pods Frameworks */,
				C6DA2F46D36E229615A9972F /* [CP] Copy Pods Resources */,
			);
			buildRules = (
			);
			dependencies = (
				0E75E2381F7F906800E1467E /* PBXTargetDependency */,
			);
			name = CryptoArbitrageTests;
			productName = CryptoArbitrageTests;
			productReference = 0E75E2361F7F906800E1467E /* CryptoArbitrageTests.xctest */;
			productType = "com.apple.product-type.bundle.unit-test";
		};
/* End PBXNativeTarget section */

/* Begin PBXProject section */
		0E75E21A1F7F906800E1467E /* Project object */ = {
			isa = PBXProject;
			attributes = {
				LastSwiftUpdateCheck = 0900;
				LastUpgradeCheck = 0900;
				ORGANIZATIONNAME = "Shuichi Nagao";
				TargetAttributes = {
					0E75E2211F7F906800E1467E = {
						CreatedOnToolsVersion = 9.0;
						ProvisioningStyle = Automatic;
						SystemCapabilities = {
							com.apple.BackgroundModes = {
								enabled = 1;
							};
							com.apple.Push = {
								enabled = 1;
							};
						};
					};
					0E75E2351F7F906800E1467E = {
						CreatedOnToolsVersion = 9.0;
						ProvisioningStyle = Automatic;
						TestTargetID = 0E75E2211F7F906800E1467E;
					};
				};
			};
			buildConfigurationList = 0E75E21D1F7F906800E1467E /* Build configuration list for PBXProject "CryptoArbitrage" */;
			compatibilityVersion = "Xcode 8.0";
			developmentRegion = en;
			hasScannedForEncodings = 0;
			knownRegions = (
				en,
				Base,
			);
			mainGroup = 0E75E2191F7F906800E1467E;
			productRefGroup = 0E75E2231F7F906800E1467E /* Products */;
			projectDirPath = "";
			projectRoot = "";
			targets = (
				0E75E2211F7F906800E1467E /* CryptoArbitrage */,
				0E75E2351F7F906800E1467E /* CryptoArbitrageTests */,
			);
		};
/* End PBXProject section */

/* Begin PBXResourcesBuildPhase section */
		0E75E2201F7F906800E1467E /* Resources */ = {
			isa = PBXResourcesBuildPhase;
			buildActionMask = 2147483647;
			files = (
				0E75E2301F7F906800E1467E /* LaunchScreen.storyboard in Resources */,
				0E75E22D1F7F906800E1467E /* Assets.xcassets in Resources */,
				0E75E22B1F7F906800E1467E /* Main.storyboard in Resources */,
			);
			runOnlyForDeploymentPostprocessing = 0;
		};
		0E75E2341F7F906800E1467E /* Resources */ = {
			isa = PBXResourcesBuildPhase;
			buildActionMask = 2147483647;
			files = (
			);
			runOnlyForDeploymentPostprocessing = 0;
		};
/* End PBXResourcesBuildPhase section */

/* Begin PBXShellScriptBuildPhase section */
		42055CC0FE58FEE427483515 /* [CP] Embed Pods Frameworks */ = {
			isa = PBXShellScriptBuildPhase;
			buildActionMask = 2147483647;
			files = (
			);
			inputPaths = (
				"${SRCROOT}/Pods/Target Support Files/Pods-CryptoArbitrageTests/Pods-CryptoArbitrageTests-frameworks.sh",
				"${BUILT_PRODUCTS_DIR}/RxSwift/RxSwift.framework",
				"${BUILT_PRODUCTS_DIR}/RxBlocking/RxBlocking.framework",
				"${BUILT_PRODUCTS_DIR}/RxTest/RxTest.framework",
			);
			name = "[CP] Embed Pods Frameworks";
			outputPaths = (
				"${TARGET_BUILD_DIR}/${FRAMEWORKS_FOLDER_PATH}/RxSwift.framework",
				"${TARGET_BUILD_DIR}/${FRAMEWORKS_FOLDER_PATH}/RxBlocking.framework",
				"${TARGET_BUILD_DIR}/${FRAMEWORKS_FOLDER_PATH}/RxTest.framework",
			);
			runOnlyForDeploymentPostprocessing = 0;
			shellPath = /bin/sh;
			shellScript = "\"${SRCROOT}/Pods/Target Support Files/Pods-CryptoArbitrageTests/Pods-CryptoArbitrageTests-frameworks.sh\"\n";
			showEnvVarsInLog = 0;
		};
		6788E8479E58D2F4B8334EC6 /* [CP] Check Pods Manifest.lock */ = {
			isa = PBXShellScriptBuildPhase;
			buildActionMask = 2147483647;
			files = (
			);
			inputPaths = (
				"${PODS_PODFILE_DIR_PATH}/Podfile.lock",
				"${PODS_ROOT}/Manifest.lock",
			);
			name = "[CP] Check Pods Manifest.lock";
			outputPaths = (
				"$(DERIVED_FILE_DIR)/Pods-CryptoArbitrage-checkManifestLockResult.txt",
			);
			runOnlyForDeploymentPostprocessing = 0;
			shellPath = /bin/sh;
			shellScript = "diff \"${PODS_PODFILE_DIR_PATH}/Podfile.lock\" \"${PODS_ROOT}/Manifest.lock\" > /dev/null\nif [ $? != 0 ] ; then\n    # print error to STDERR\n    echo \"error: The sandbox is not in sync with the Podfile.lock. Run 'pod install' or update your CocoaPods installation.\" >&2\n    exit 1\nfi\n# This output is used by Xcode 'outputs' to avoid re-running this script phase.\necho \"SUCCESS\" > \"${SCRIPT_OUTPUT_FILE_0}\"\n";
			showEnvVarsInLog = 0;
		};
		70DA1C3E656D01A26A8C68A3 /* [CP] Copy Pods Resources */ = {
			isa = PBXShellScriptBuildPhase;
			buildActionMask = 2147483647;
			files = (
			);
			inputPaths = (
			);
			name = "[CP] Copy Pods Resources";
			outputPaths = (
			);
			runOnlyForDeploymentPostprocessing = 0;
			shellPath = /bin/sh;
			shellScript = "\"${SRCROOT}/Pods/Target Support Files/Pods-CryptoArbitrage/Pods-CryptoArbitrage-resources.sh\"\n";
			showEnvVarsInLog = 0;
		};
		A5B288FBD2290989C0A054E4 /* [CP] Embed Pods Frameworks */ = {
			isa = PBXShellScriptBuildPhase;
			buildActionMask = 2147483647;
			files = (
			);
			inputPaths = (
				"${SRCROOT}/Pods/Target Support Files/Pods-CryptoArbitrage/Pods-CryptoArbitrage-frameworks.sh",
				"${BUILT_PRODUCTS_DIR}/APIKit/APIKit.framework",
				"${BUILT_PRODUCTS_DIR}/DBAlertController/DBAlertController.framework",
				"${BUILT_PRODUCTS_DIR}/FLAnimatedImage/FLAnimatedImage.framework",
				"${BUILT_PRODUCTS_DIR}/Himotoki/Himotoki.framework",
				"${BUILT_PRODUCTS_DIR}/NVActivityIndicatorView/NVActivityIndicatorView.framework",
				"${BUILT_PRODUCTS_DIR}/PINCache/PINCache.framework",
				"${BUILT_PRODUCTS_DIR}/PINRemoteImage/PINRemoteImage.framework",
				"${BUILT_PRODUCTS_DIR}/Result/Result.framework",
				"${BUILT_PRODUCTS_DIR}/RxCocoa/RxCocoa.framework",
				"${BUILT_PRODUCTS_DIR}/RxSwift/RxSwift.framework",
				"${BUILT_PRODUCTS_DIR}/lottie-ios/Lottie.framework",
			);
			name = "[CP] Embed Pods Frameworks";
			outputPaths = (
				"${TARGET_BUILD_DIR}/${FRAMEWORKS_FOLDER_PATH}/APIKit.framework",
				"${TARGET_BUILD_DIR}/${FRAMEWORKS_FOLDER_PATH}/DBAlertController.framework",
				"${TARGET_BUILD_DIR}/${FRAMEWORKS_FOLDER_PATH}/FLAnimatedImage.framework",
				"${TARGET_BUILD_DIR}/${FRAMEWORKS_FOLDER_PATH}/Himotoki.framework",
				"${TARGET_BUILD_DIR}/${FRAMEWORKS_FOLDER_PATH}/NVActivityIndicatorView.framework",
				"${TARGET_BUILD_DIR}/${FRAMEWORKS_FOLDER_PATH}/PINCache.framework",
				"${TARGET_BUILD_DIR}/${FRAMEWORKS_FOLDER_PATH}/PINRemoteImage.framework",
				"${TARGET_BUILD_DIR}/${FRAMEWORKS_FOLDER_PATH}/Result.framework",
				"${TARGET_BUILD_DIR}/${FRAMEWORKS_FOLDER_PATH}/RxCocoa.framework",
				"${TARGET_BUILD_DIR}/${FRAMEWORKS_FOLDER_PATH}/RxSwift.framework",
				"${TARGET_BUILD_DIR}/${FRAMEWORKS_FOLDER_PATH}/Lottie.framework",
			);
			runOnlyForDeploymentPostprocessing = 0;
			shellPath = /bin/sh;
			shellScript = "\"${SRCROOT}/Pods/Target Support Files/Pods-CryptoArbitrage/Pods-CryptoArbitrage-frameworks.sh\"\n";
			showEnvVarsInLog = 0;
		};
		C6DA2F46D36E229615A9972F /* [CP] Copy Pods Resources */ = {
			isa = PBXShellScriptBuildPhase;
			buildActionMask = 2147483647;
			files = (
			);
			inputPaths = (
			);
			name = "[CP] Copy Pods Resources";
			outputPaths = (
			);
			runOnlyForDeploymentPostprocessing = 0;
			shellPath = /bin/sh;
			shellScript = "\"${SRCROOT}/Pods/Target Support Files/Pods-CryptoArbitrageTests/Pods-CryptoArbitrageTests-resources.sh\"\n";
			showEnvVarsInLog = 0;
		};
		D6776413780C697E0B3D0A03 /* [CP] Check Pods Manifest.lock */ = {
			isa = PBXShellScriptBuildPhase;
			buildActionMask = 2147483647;
			files = (
			);
			inputPaths = (
				"${PODS_PODFILE_DIR_PATH}/Podfile.lock",
				"${PODS_ROOT}/Manifest.lock",
			);
			name = "[CP] Check Pods Manifest.lock";
			outputPaths = (
				"$(DERIVED_FILE_DIR)/Pods-CryptoArbitrageTests-checkManifestLockResult.txt",
			);
			runOnlyForDeploymentPostprocessing = 0;
			shellPath = /bin/sh;
			shellScript = "diff \"${PODS_PODFILE_DIR_PATH}/Podfile.lock\" \"${PODS_ROOT}/Manifest.lock\" > /dev/null\nif [ $? != 0 ] ; then\n    # print error to STDERR\n    echo \"error: The sandbox is not in sync with the Podfile.lock. Run 'pod install' or update your CocoaPods installation.\" >&2\n    exit 1\nfi\n# This output is used by Xcode 'outputs' to avoid re-running this script phase.\necho \"SUCCESS\" > \"${SCRIPT_OUTPUT_FILE_0}\"\n";
			showEnvVarsInLog = 0;
		};
/* End PBXShellScriptBuildPhase section */

/* Begin PBXSourcesBuildPhase section */
		0E75E21E1F7F906800E1467E /* Sources */ = {
			isa = PBXSourcesBuildPhase;
			buildActionMask = 2147483647;
			files = (
				0E75E2281F7F906800E1467E /* ViewController.swift in Sources */,
				0E3FDB131F80C09000CE8F02 /* KrakenRequest.swift in Sources */,
				0E3FDB151F80C09F00CE8F02 /* GetKrakenTickerRequest.swift in Sources */,
				0E1B1FDE1F7FF0C000C263F5 /* GatecoinTicker.swift in Sources */,
				0E3FDB171F80C19600CE8F02 /* KrakenTicker.swift in Sources */,
				0E75E2261F7F906800E1467E /* AppDelegate.swift in Sources */,
				0E1B1FDC1F7FF03500C263F5 /* GatecoinRequest.swift in Sources */,
				0E1B1FE51F7FF2F800C263F5 /* TickerType.swift in Sources */,
				0E1B1FDA1F7FF00A00C263F5 /* APIManager.swift in Sources */,
				0E1B1FE21F7FF1A000C263F5 /* GetGatecoinTickerRequest.swift in Sources */,
				0E1B1FD21F7FEE2100C263F5 /* Session+Extension.swift in Sources */,
				0E3FDB101F8087B800CE8F02 /* TickerViewModel.swift in Sources */,
				0E22ACDD1F811FBD00060A14 /* BitfinexRequest.swift in Sources */,
				0E22ACDF1F811FCF00060A14 /* GetBitfinexTickerRequest.swift in Sources */,
				0E22ACE11F81230F00060A14 /* HimotokiTransformerUtil.swift in Sources */,
				0E22ACDA1F811D5600060A14 /* BitfinexTicker.swift in Sources */,
				0E75E2481F7F942900E1467E /* NotificationUtil.swift in Sources */,
			);
			runOnlyForDeploymentPostprocessing = 0;
		};
		0E75E2321F7F906800E1467E /* Sources */ = {
			isa = PBXSourcesBuildPhase;
			buildActionMask = 2147483647;
			files = (
				0E75E23B1F7F906800E1467E /* CryptoArbitrageTests.swift in Sources */,
			);
			runOnlyForDeploymentPostprocessing = 0;
		};
/* End PBXSourcesBuildPhase section */

/* Begin PBXTargetDependency section */
		0E75E2381F7F906800E1467E /* PBXTargetDependency */ = {
			isa = PBXTargetDependency;
			target = 0E75E2211F7F906800E1467E /* CryptoArbitrage */;
			targetProxy = 0E75E2371F7F906800E1467E /* PBXContainerItemProxy */;
		};
/* End PBXTargetDependency section */

/* Begin PBXVariantGroup section */
		0E75E2291F7F906800E1467E /* Main.storyboard */ = {
			isa = PBXVariantGroup;
			children = (
				0E75E22A1F7F906800E1467E /* Base */,
			);
			name = Main.storyboard;
			sourceTree = "<group>";
		};
		0E75E22E1F7F906800E1467E /* LaunchScreen.storyboard */ = {
			isa = PBXVariantGroup;
			children = (
				0E75E22F1F7F906800E1467E /* Base */,
			);
			name = LaunchScreen.storyboard;
			sourceTree = "<group>";
		};
/* End PBXVariantGroup section */

/* Begin XCBuildConfiguration section */
		0E75E23D1F7F906800E1467E /* Debug */ = {
			isa = XCBuildConfiguration;
			buildSettings = {
				ALWAYS_SEARCH_USER_PATHS = NO;
				CLANG_ANALYZER_NONNULL = YES;
				CLANG_ANALYZER_NUMBER_OBJECT_CONVERSION = YES_AGGRESSIVE;
				CLANG_CXX_LANGUAGE_STANDARD = "gnu++14";
				CLANG_CXX_LIBRARY = "libc++";
				CLANG_ENABLE_MODULES = YES;
				CLANG_ENABLE_OBJC_ARC = YES;
				CLANG_WARN_BLOCK_CAPTURE_AUTORELEASING = YES;
				CLANG_WARN_BOOL_CONVERSION = YES;
				CLANG_WARN_COMMA = YES;
				CLANG_WARN_CONSTANT_CONVERSION = YES;
				CLANG_WARN_DIRECT_OBJC_ISA_USAGE = YES_ERROR;
				CLANG_WARN_DOCUMENTATION_COMMENTS = YES;
				CLANG_WARN_EMPTY_BODY = YES;
				CLANG_WARN_ENUM_CONVERSION = YES;
				CLANG_WARN_INFINITE_RECURSION = YES;
				CLANG_WARN_INT_CONVERSION = YES;
				CLANG_WARN_NON_LITERAL_NULL_CONVERSION = YES;
				CLANG_WARN_OBJC_LITERAL_CONVERSION = YES;
				CLANG_WARN_OBJC_ROOT_CLASS = YES_ERROR;
				CLANG_WARN_RANGE_LOOP_ANALYSIS = YES;
				CLANG_WARN_STRICT_PROTOTYPES = YES;
				CLANG_WARN_SUSPICIOUS_MOVE = YES;
				CLANG_WARN_UNGUARDED_AVAILABILITY = YES_AGGRESSIVE;
				CLANG_WARN_UNREACHABLE_CODE = YES;
				CLANG_WARN__DUPLICATE_METHOD_MATCH = YES;
				CODE_SIGN_IDENTITY = "iPhone Developer";
				COPY_PHASE_STRIP = NO;
				DEBUG_INFORMATION_FORMAT = dwarf;
				ENABLE_STRICT_OBJC_MSGSEND = YES;
				ENABLE_TESTABILITY = YES;
				GCC_C_LANGUAGE_STANDARD = gnu11;
				GCC_DYNAMIC_NO_PIC = NO;
				GCC_NO_COMMON_BLOCKS = YES;
				GCC_OPTIMIZATION_LEVEL = 0;
				GCC_PREPROCESSOR_DEFINITIONS = (
					"DEBUG=1",
					"$(inherited)",
				);
				GCC_WARN_64_TO_32_BIT_CONVERSION = YES;
				GCC_WARN_ABOUT_RETURN_TYPE = YES_ERROR;
				GCC_WARN_UNDECLARED_SELECTOR = YES;
				GCC_WARN_UNINITIALIZED_AUTOS = YES_AGGRESSIVE;
				GCC_WARN_UNUSED_FUNCTION = YES;
				GCC_WARN_UNUSED_VARIABLE = YES;
				IPHONEOS_DEPLOYMENT_TARGET = 11.0;
				MTL_ENABLE_DEBUG_INFO = YES;
				ONLY_ACTIVE_ARCH = YES;
				SDKROOT = iphoneos;
				SWIFT_ACTIVE_COMPILATION_CONDITIONS = DEBUG;
				SWIFT_OPTIMIZATION_LEVEL = "-Onone";
			};
			name = Debug;
		};
		0E75E23E1F7F906800E1467E /* Release */ = {
			isa = XCBuildConfiguration;
			buildSettings = {
				ALWAYS_SEARCH_USER_PATHS = NO;
				CLANG_ANALYZER_NONNULL = YES;
				CLANG_ANALYZER_NUMBER_OBJECT_CONVERSION = YES_AGGRESSIVE;
				CLANG_CXX_LANGUAGE_STANDARD = "gnu++14";
				CLANG_CXX_LIBRARY = "libc++";
				CLANG_ENABLE_MODULES = YES;
				CLANG_ENABLE_OBJC_ARC = YES;
				CLANG_WARN_BLOCK_CAPTURE_AUTORELEASING = YES;
				CLANG_WARN_BOOL_CONVERSION = YES;
				CLANG_WARN_COMMA = YES;
				CLANG_WARN_CONSTANT_CONVERSION = YES;
				CLANG_WARN_DIRECT_OBJC_ISA_USAGE = YES_ERROR;
				CLANG_WARN_DOCUMENTATION_COMMENTS = YES;
				CLANG_WARN_EMPTY_BODY = YES;
				CLANG_WARN_ENUM_CONVERSION = YES;
				CLANG_WARN_INFINITE_RECURSION = YES;
				CLANG_WARN_INT_CONVERSION = YES;
				CLANG_WARN_NON_LITERAL_NULL_CONVERSION = YES;
				CLANG_WARN_OBJC_LITERAL_CONVERSION = YES;
				CLANG_WARN_OBJC_ROOT_CLASS = YES_ERROR;
				CLANG_WARN_RANGE_LOOP_ANALYSIS = YES;
				CLANG_WARN_STRICT_PROTOTYPES = YES;
				CLANG_WARN_SUSPICIOUS_MOVE = YES;
				CLANG_WARN_UNGUARDED_AVAILABILITY = YES_AGGRESSIVE;
				CLANG_WARN_UNREACHABLE_CODE = YES;
				CLANG_WARN__DUPLICATE_METHOD_MATCH = YES;
				CODE_SIGN_IDENTITY = "iPhone Developer";
				COPY_PHASE_STRIP = NO;
				DEBUG_INFORMATION_FORMAT = "dwarf-with-dsym";
				ENABLE_NS_ASSERTIONS = NO;
				ENABLE_STRICT_OBJC_MSGSEND = YES;
				GCC_C_LANGUAGE_STANDARD = gnu11;
				GCC_NO_COMMON_BLOCKS = YES;
				GCC_WARN_64_TO_32_BIT_CONVERSION = YES;
				GCC_WARN_ABOUT_RETURN_TYPE = YES_ERROR;
				GCC_WARN_UNDECLARED_SELECTOR = YES;
				GCC_WARN_UNINITIALIZED_AUTOS = YES_AGGRESSIVE;
				GCC_WARN_UNUSED_FUNCTION = YES;
				GCC_WARN_UNUSED_VARIABLE = YES;
				IPHONEOS_DEPLOYMENT_TARGET = 11.0;
				MTL_ENABLE_DEBUG_INFO = NO;
				SDKROOT = iphoneos;
				SWIFT_OPTIMIZATION_LEVEL = "-Owholemodule";
				VALIDATE_PRODUCT = YES;
			};
			name = Release;
		};
		0E75E2401F7F906800E1467E /* Debug */ = {
			isa = XCBuildConfiguration;
			baseConfigurationReference = 0007161D4274B0A726DADC1C /* Pods-CryptoArbitrage.debug.xcconfig */;
			buildSettings = {
				ASSETCATALOG_COMPILER_APPICON_NAME = AppIcon;
				CODE_SIGN_ENTITLEMENTS = CryptoArbitrage/CryptoArbitrage.entitlements;
				CODE_SIGN_STYLE = Automatic;
				DEVELOPMENT_TEAM = NAJPYUJBUB;
				INFOPLIST_FILE = CryptoArbitrage/Info.plist;
				IPHONEOS_DEPLOYMENT_TARGET = 10.0;
				LD_RUNPATH_SEARCH_PATHS = "$(inherited) @executable_path/Frameworks";
				PRODUCT_BUNDLE_IDENTIFIER = tech.shuichi.CryptoArbitrage;
				PRODUCT_NAME = "$(TARGET_NAME)";
				SWIFT_OBJC_BRIDGING_HEADER = "$(SRCROOT)/$(PROJECT)/Bridging-Header.h";
				SWIFT_VERSION = 4.0;
				TARGETED_DEVICE_FAMILY = "1,2";
			};
			name = Debug;
		};
		0E75E2411F7F906800E1467E /* Release */ = {
			isa = XCBuildConfiguration;
			baseConfigurationReference = 9E8BBBA0466B5379A2A7C1AA /* Pods-CryptoArbitrage.release.xcconfig */;
			buildSettings = {
				ASSETCATALOG_COMPILER_APPICON_NAME = AppIcon;
				CODE_SIGN_ENTITLEMENTS = CryptoArbitrage/CryptoArbitrage.entitlements;
				CODE_SIGN_STYLE = Automatic;
				DEVELOPMENT_TEAM = NAJPYUJBUB;
				INFOPLIST_FILE = CryptoArbitrage/Info.plist;
				IPHONEOS_DEPLOYMENT_TARGET = 10.0;
				LD_RUNPATH_SEARCH_PATHS = "$(inherited) @executable_path/Frameworks";
				PRODUCT_BUNDLE_IDENTIFIER = tech.shuichi.CryptoArbitrage;
				PRODUCT_NAME = "$(TARGET_NAME)";
				SWIFT_OBJC_BRIDGING_HEADER = "$(SRCROOT)/$(PROJECT)/Bridging-Header.h";
				SWIFT_VERSION = 4.0;
				TARGETED_DEVICE_FAMILY = "1,2";
			};
			name = Release;
		};
		0E75E2431F7F906800E1467E /* Debug */ = {
			isa = XCBuildConfiguration;
			baseConfigurationReference = 176340FFA6F1E5EDB8610FBA /* Pods-CryptoArbitrageTests.debug.xcconfig */;
			buildSettings = {
				ALWAYS_EMBED_SWIFT_STANDARD_LIBRARIES = YES;
				BUNDLE_LOADER = "$(TEST_HOST)";
				CODE_SIGN_STYLE = Automatic;
				DEVELOPMENT_TEAM = NAJPYUJBUB;
				INFOPLIST_FILE = CryptoArbitrageTests/Info.plist;
				LD_RUNPATH_SEARCH_PATHS = "$(inherited) @executable_path/Frameworks @loader_path/Frameworks";
				PRODUCT_BUNDLE_IDENTIFIER = tech.shuichi.CryptoArbitrageTests;
				PRODUCT_NAME = "$(TARGET_NAME)";
				SWIFT_VERSION = 4.0;
				TARGETED_DEVICE_FAMILY = "1,2";
				TEST_HOST = "$(BUILT_PRODUCTS_DIR)/CryptoArbitrage.app/CryptoArbitrage";
			};
			name = Debug;
		};
		0E75E2441F7F906800E1467E /* Release */ = {
			isa = XCBuildConfiguration;
			baseConfigurationReference = 69C6725BA3E2F6080F5E6A80 /* Pods-CryptoArbitrageTests.release.xcconfig */;
			buildSettings = {
				ALWAYS_EMBED_SWIFT_STANDARD_LIBRARIES = YES;
				BUNDLE_LOADER = "$(TEST_HOST)";
				CODE_SIGN_STYLE = Automatic;
				DEVELOPMENT_TEAM = NAJPYUJBUB;
				INFOPLIST_FILE = CryptoArbitrageTests/Info.plist;
				LD_RUNPATH_SEARCH_PATHS = "$(inherited) @executable_path/Frameworks @loader_path/Frameworks";
				PRODUCT_BUNDLE_IDENTIFIER = tech.shuichi.CryptoArbitrageTests;
				PRODUCT_NAME = "$(TARGET_NAME)";
				SWIFT_VERSION = 4.0;
				TARGETED_DEVICE_FAMILY = "1,2";
				TEST_HOST = "$(BUILT_PRODUCTS_DIR)/CryptoArbitrage.app/CryptoArbitrage";
			};
			name = Release;
		};
/* End XCBuildConfiguration section */

/* Begin XCConfigurationList section */
		0E75E21D1F7F906800E1467E /* Build configuration list for PBXProject "CryptoArbitrage" */ = {
			isa = XCConfigurationList;
			buildConfigurations = (
				0E75E23D1F7F906800E1467E /* Debug */,
				0E75E23E1F7F906800E1467E /* Release */,
			);
			defaultConfigurationIsVisible = 0;
			defaultConfigurationName = Release;
		};
		0E75E23F1F7F906800E1467E /* Build configuration list for PBXNativeTarget "CryptoArbitrage" */ = {
			isa = XCConfigurationList;
			buildConfigurations = (
				0E75E2401F7F906800E1467E /* Debug */,
				0E75E2411F7F906800E1467E /* Release */,
			);
			defaultConfigurationIsVisible = 0;
			defaultConfigurationName = Release;
		};
		0E75E2421F7F906800E1467E /* Build configuration list for PBXNativeTarget "CryptoArbitrageTests" */ = {
			isa = XCConfigurationList;
			buildConfigurations = (
				0E75E2431F7F906800E1467E /* Debug */,
				0E75E2441F7F906800E1467E /* Release */,
			);
			defaultConfigurationIsVisible = 0;
			defaultConfigurationName = Release;
		};
/* End XCConfigurationList section */
	};
	rootObject = 0E75E21A1F7F906800E1467E /* Project object */;
}
